
Microsoft Visual Studio Solution File, Format Version 12.00
# Visual Studio Version 17
VisualStudioVersion = 17.4.33122.133
MinimumVisualStudioVersion = 10.0.40219.1
Project("{2150E333-8FDC-42A3-9474-1A3956D46DE8}") = "ShopManagement", "ShopManagement", "{9793BB1F-25AB-4F85-9D60-B450603E721D}"
EndProject
Project("{2150E333-8FDC-42A3-9474-1A3956D46DE8}") = "SM.Domain", "SM.Domain", "{C6E9A391-4D6B-4951-B4CC-3416271650AE}"
EndProject
Project("{9A19103F-16F7-4668-BE54-9A1E7A4F7556}") = "ShopManagement.Domain", "ShopManagement.Domain\ShopManagement.Domain.csproj", "{D0625C52-2028-4B8D-807D-C1BDE1B6C322}"
EndProject
Project("{9A19103F-16F7-4668-BE54-9A1E7A4F7556}") = "0.Framework", "0.Framework\0.Framework.csproj", "{9A562E2C-7A01-425A-9DE2-BBB5679938A5}"
EndProject
Project("{2150E333-8FDC-42A3-9474-1A3956D46DE8}") = "SM.Application", "SM.Application", "{4C87D0C3-B007-455C-B4C1-3029798CA412}"
EndProject
Project("{9A19103F-16F7-4668-BE54-9A1E7A4F7556}") = "ShopManagement.Application.Contracts", "ShopManagement.Application.Contracts\ShopManagement.Application.Contracts.csproj", "{3A5C257A-1D2A-4DF1-BB11-F41DD7B026D3}"
EndProject
Project("{9A19103F-16F7-4668-BE54-9A1E7A4F7556}") = "ShopManagement.Application", "ShopManagement.Application\ShopManagement.Application.csproj", "{E547BB4E-7FC0-40EC-9B46-56448A8E6A5C}"
EndProject
Project("{2150E333-8FDC-42A3-9474-1A3956D46DE8}") = "SM.Infrastructure", "SM.Infrastructure", "{7063D3AD-3DEE-49C1-A6C1-E8CC63C1F7AE}"
EndProject
Project("{FAE04EC0-301F-11D3-BF4B-00C04F79EFBC}") = "ShopManagement.Infra.EfCore", "ShopManagement.Infra.EfCore\ShopManagement.Infra.EfCore.csproj", "{0ADC813C-75FF-4881-A0E3-AE35BB6667E4}"
EndProject
Project("{FAE04EC0-301F-11D3-BF4B-00C04F79EFBC}") = "ShopManagement.Infra.Configuration", "ShopManagement.Infra.Configuration\ShopManagement.Infra.Configuration.csproj", "{553BE33B-8692-495E-BA9F-31C21E06C99C}"
EndProject
Project("{FAE04EC0-301F-11D3-BF4B-00C04F79EFBC}") = "Lampshade.WebApp", "Lampshade.WebApp\Lampshade.WebApp.csproj", "{ABB6B660-080E-4D12-8E73-07608F024509}"
EndProject
Global
	GlobalSection(SolutionConfigurationPlatforms) = preSolution
		Debug|Any CPU = Debug|Any CPU
		Release|Any CPU = Release|Any CPU
	EndGlobalSection
	GlobalSection(ProjectConfigurationPlatforms) = postSolution
		{D0625C52-2028-4B8D-807D-C1BDE1B6C322}.Debug|Any CPU.ActiveCfg = Debug|Any CPU
		{D0625C52-2028-4B8D-807D-C1BDE1B6C322}.Debug|Any CPU.Build.0 = Debug|Any CPU
		{D0625C52-2028-4B8D-807D-C1BDE1B6C322}.Release|Any CPU.ActiveCfg = Release|Any CPU
		{D0625C52-2028-4B8D-807D-C1BDE1B6C322}.Release|Any CPU.Build.0 = Release|Any CPU
		{9A562E2C-7A01-425A-9DE2-BBB5679938A5}.Debug|Any CPU.ActiveCfg = Debug|Any CPU
		{9A562E2C-7A01-425A-9DE2-BBB5679938A5}.Debug|Any CPU.Build.0 = Debug|Any CPU
		{9A562E2C-7A01-425A-9DE2-BBB5679938A5}.Release|Any CPU.ActiveCfg = Release|Any CPU
		{9A562E2C-7A01-425A-9DE2-BBB5679938A5}.Release|Any CPU.Build.0 = Release|Any CPU
		{3A5C257A-1D2A-4DF1-BB11-F41DD7B026D3}.Debug|Any CPU.ActiveCfg = Debug|Any CPU
		{3A5C257A-1D2A-4DF1-BB11-F41DD7B026D3}.Debug|Any CPU.Build.0 = Debug|Any CPU
		{3A5C257A-1D2A-4DF1-BB11-F41DD7B026D3}.Release|Any CPU.ActiveCfg = Release|Any CPU
		{3A5C257A-1D2A-4DF1-BB11-F41DD7B026D3}.Release|Any CPU.Build.0 = Release|Any CPU
		{E547BB4E-7FC0-40EC-9B46-56448A8E6A5C}.Debug|Any CPU.ActiveCfg = Debug|Any CPU
		{E547BB4E-7FC0-40EC-9B46-56448A8E6A5C}.Debug|Any CPU.Build.0 = Debug|Any CPU
		{E547BB4E-7FC0-40EC-9B46-56448A8E6A5C}.Release|Any CPU.ActiveCfg = Release|Any CPU
		{E547BB4E-7FC0-40EC-9B46-56448A8E6A5C}.Release|Any CPU.Build.0 = Release|Any CPU
		{0ADC813C-75FF-4881-A0E3-AE35BB6667E4}.Debug|Any CPU.ActiveCfg = Debug|Any CPU
		{0ADC813C-75FF-4881-A0E3-AE35BB6667E4}.Debug|Any CPU.Build.0 = Debug|Any CPU
		{0ADC813C-75FF-4881-A0E3-AE35BB6667E4}.Release|Any CPU.ActiveCfg = Release|Any CPU
		{0ADC813C-75FF-4881-A0E3-AE35BB6667E4}.Release|Any CPU.Build.0 = Release|Any CPU
		{553BE33B-8692-495E-BA9F-31C21E06C99C}.Debug|Any CPU.ActiveCfg = Debug|Any CPU
		{553BE33B-8692-495E-BA9F-31C21E06C99C}.Debug|Any CPU.Build.0 = Debug|Any CPU
		{553BE33B-8692-495E-BA9F-31C21E06C99C}.Release|Any CPU.ActiveCfg = Release|Any CPU
		{553BE33B-8692-495E-BA9F-31C21E06C99C}.Release|Any CPU.Build.0 = Release|Any CPU
		{ABB6B660-080E-4D12-8E73-07608F024509}.Debug|Any CPU.ActiveCfg = Debug|Any CPU
		{ABB6B660-080E-4D12-8E73-07608F024509}.Debug|Any CPU.Build.0 = Debug|Any CPU
		{ABB6B660-080E-4D12-8E73-07608F024509}.Release|Any CPU.ActiveCfg = Release|Any CPU
		{ABB6B660-080E-4D12-8E73-07608F024509}.Release|Any CPU.Build.0 = Release|Any CPU
	EndGlobalSection
	GlobalSection(SolutionProperties) = preSolution
		HideSolutionNode = FALSE
	EndGlobalSection
	GlobalSection(NestedProjects) = preSolution
		{C6E9A391-4D6B-4951-B4CC-3416271650AE} = {9793BB1F-25AB-4F85-9D60-B450603E721D}
		{D0625C52-2028-4B8D-807D-C1BDE1B6C322} = {C6E9A391-4D6B-4951-B4CC-3416271650AE}
		{4C87D0C3-B007-455C-B4C1-3029798CA412} = {9793BB1F-25AB-4F85-9D60-B450603E721D}
		{3A5C257A-1D2A-4DF1-BB11-F41DD7B026D3} = {4C87D0C3-B007-455C-B4C1-3029798CA412}
		{E547BB4E-7FC0-40EC-9B46-56448A8E6A5C} = {4C87D0C3-B007-455C-B4C1-3029798CA412}
		{7063D3AD-3DEE-49C1-A6C1-E8CC63C1F7AE} = {9793BB1F-25AB-4F85-9D60-B450603E721D}
		{0ADC813C-75FF-4881-A0E3-AE35BB6667E4} = {7063D3AD-3DEE-49C1-A6C1-E8CC63C1F7AE}
		{553BE33B-8692-495E-BA9F-31C21E06C99C} = {7063D3AD-3DEE-49C1-A6C1-E8CC63C1F7AE}
	EndGlobalSection
	GlobalSection(ExtensibilityGlobals) = postSolution
		SolutionGuid = {58820ADB-FBB5-4107-A7D9-20E491BBC35D}
	EndGlobalSection
EndGlobal
