
Microsoft Visual Studio Solution File, Format Version 12.00
# Visual Studio Version 17
VisualStudioVersion = 17.4.33122.133
MinimumVisualStudioVersion = 10.0.40219.1
Project("{2150E333-8FDC-42A3-9474-1A3956D46DE8}") = "ShopManagement", "ShopManagement", "{9793BB1F-25AB-4F85-9D60-B450603E721D}"
EndProject
Project("{2150E333-8FDC-42A3-9474-1A3956D46DE8}") = "SM.Domain", "SM.Domain", "{C6E9A391-4D6B-4951-B4CC-3416271650AE}"
EndProject
Project("{9A19103F-16F7-4668-BE54-9A1E7A4F7556}") = "ShopManagement.Domain", "ShopManagement.Domain\ShopManagement.Domain.csproj", "{D0625C52-2028-4B8D-807D-C1BDE1B6C322}"
EndProject
Project("{9A19103F-16F7-4668-BE54-9A1E7A4F7556}") = "0.Framework", "0.Framework\0.Framework.csproj", "{9A562E2C-7A01-425A-9DE2-BBB5679938A5}"
EndProject
Project("{2150E333-8FDC-42A3-9474-1A3956D46DE8}") = "SM.Application", "SM.Application", "{4C87D0C3-B007-455C-B4C1-3029798CA412}"
EndProject
Project("{9A19103F-16F7-4668-BE54-9A1E7A4F7556}") = "ShopManagement.Application.Contracts", "ShopManagement.Application.Contracts\ShopManagement.Application.Contracts.csproj", "{3A5C257A-1D2A-4DF1-BB11-F41DD7B026D3}"
EndProject
Project("{9A19103F-16F7-4668-BE54-9A1E7A4F7556}") = "ShopManagement.Application", "ShopManagement.Application\ShopManagement.Application.csproj", "{E547BB4E-7FC0-40EC-9B46-56448A8E6A5C}"
EndProject
Project("{2150E333-8FDC-42A3-9474-1A3956D46DE8}") = "SM.Infrastructure", "SM.Infrastructure", "{7063D3AD-3DEE-49C1-A6C1-E8CC63C1F7AE}"
EndProject
Project("{9A19103F-16F7-4668-BE54-9A1E7A4F7556}") = "ShopManagement.Infra.EfCore", "ShopManagement.Infra.EfCore\ShopManagement.Infra.EfCore.csproj", "{0ADC813C-75FF-4881-A0E3-AE35BB6667E4}"
EndProject
Project("{9A19103F-16F7-4668-BE54-9A1E7A4F7556}") = "ShopManagement.Infra.Configuration", "ShopManagement.Infra.Configuration\ShopManagement.Infra.Configuration.csproj", "{553BE33B-8692-495E-BA9F-31C21E06C99C}"
EndProject
Project("{9A19103F-16F7-4668-BE54-9A1E7A4F7556}") = "Lampshade.WebApp", "Lampshade.WebApp\Lampshade.WebApp.csproj", "{ABB6B660-080E-4D12-8E73-07608F024509}"
EndProject
Project("{9A19103F-16F7-4668-BE54-9A1E7A4F7556}") = "Lampshade.Query", "Lampshade.Query\Lampshade.Query.csproj", "{53BF13DB-CC58-4EB2-9F64-9BAEB0D3E05B}"
EndProject
Project("{2150E333-8FDC-42A3-9474-1A3956D46DE8}") = "DiscountManagement", "DiscountManagement", "{3EC467E1-755D-4403-9513-0C6DCE6CC468}"
EndProject
Project("{2150E333-8FDC-42A3-9474-1A3956D46DE8}") = "DM.Domain", "DM.Domain", "{8BB431E5-D3B5-4F8D-882B-7C2EDEC7DF0D}"
EndProject
Project("{9A19103F-16F7-4668-BE54-9A1E7A4F7556}") = "DiscountManagement.Domain", "DiscountManagement.Domain\DiscountManagement.Domain.csproj", "{E5AE9E31-4135-4702-874E-1615B016C103}"
EndProject
Project("{2150E333-8FDC-42A3-9474-1A3956D46DE8}") = "DM.Application", "DM.Application", "{A07A4D5B-8F51-49BF-B30D-7B85D2569B02}"
EndProject
Project("{9A19103F-16F7-4668-BE54-9A1E7A4F7556}") = "DiscountManagement.Application.Contracts", "DiscountManagement.Application.Contracts\DiscountManagement.Application.Contracts.csproj", "{273F4DF2-A7CC-4CE6-BA3B-5FFCC9DB266E}"
EndProject
Project("{9A19103F-16F7-4668-BE54-9A1E7A4F7556}") = "DiscountManagement.Application", "DiscountManagement.Application\DiscountManagement.Application.csproj", "{1AFDB163-05B6-44FE-80A4-782FFC084ABB}"
EndProject
Project("{2150E333-8FDC-42A3-9474-1A3956D46DE8}") = "DM.Infrastructure", "DM.Infrastructure", "{8EF1FE18-22FC-4719-B9EC-A321E44B6F77}"
EndProject
Project("{9A19103F-16F7-4668-BE54-9A1E7A4F7556}") = "DiscountManagement.Infra.EfCore", "DiscountManagement.Infra.EfCore\DiscountManagement.Infra.EfCore.csproj", "{675051B7-C1F1-4011-BCFD-EBB702D576DB}"
EndProject
Project("{9A19103F-16F7-4668-BE54-9A1E7A4F7556}") = "DiscountManagement.Infra.Configuration", "DiscountManagement.Infra.Configuration\DiscountManagement.Infra.Configuration.csproj", "{71C073EA-248B-49E1-BA61-FCD8C999290D}"
EndProject
Project("{2150E333-8FDC-42A3-9474-1A3956D46DE8}") = "InventoryManagement", "InventoryManagement", "{C688F5A7-DBB4-401D-9C7F-5E9733A270E0}"
EndProject
Project("{2150E333-8FDC-42A3-9474-1A3956D46DE8}") = "IM.Domain", "IM.Domain", "{2D0A5D8A-B38A-44FE-8761-D381B3F447AE}"
EndProject
Project("{9A19103F-16F7-4668-BE54-9A1E7A4F7556}") = "InventoryManagement.Domain", "InventoryManagement.Domain\InventoryManagement.Domain.csproj", "{4C9D5EFF-C5DE-4C72-B2D0-3442ABF20A8B}"
EndProject
Project("{2150E333-8FDC-42A3-9474-1A3956D46DE8}") = "IM.Application", "IM.Application", "{13404B35-5188-4309-8A37-DB78915D0107}"
EndProject
Project("{9A19103F-16F7-4668-BE54-9A1E7A4F7556}") = "InventoryManagement.Application.Contracts", "InventoryManagement.Application.Contracts\InventoryManagement.Application.Contracts.csproj", "{BA78C99B-14BA-4B99-A30D-03F463FE8CDF}"
EndProject
Project("{2150E333-8FDC-42A3-9474-1A3956D46DE8}") = "IM.Infrastructure", "IM.Infrastructure", "{5568F4DE-A5E8-45E5-A7CE-1DE738737A1D}"
EndProject
Project("{9A19103F-16F7-4668-BE54-9A1E7A4F7556}") = "InventoryManagement.Infra.EfCore", "InventoryManagement.Infra.EfCore\InventoryManagement.Infra.EfCore.csproj", "{E71815E9-88DE-4A4A-8439-62C862AC6D22}"
EndProject
Project("{9A19103F-16F7-4668-BE54-9A1E7A4F7556}") = "InventoryManagement.Infra.Configuration", "InventoryManagement.Infra.Configuration\InventoryManagement.Infra.Configuration.csproj", "{C0247E8B-CF68-4C27-97D0-E4C27596AD0D}"
EndProject
Project("{9A19103F-16F7-4668-BE54-9A1E7A4F7556}") = "InventoryManagement.Application", "InventoryManagement.Application\InventoryManagement.Application.csproj", "{A7D24294-0283-4892-AE22-ACDBBE2B3F60}"
EndProject
Project("{2150E333-8FDC-42A3-9474-1A3956D46DE8}") = "BlogManagement", "BlogManagement", "{5C8D4CCA-2307-4CDA-8A82-3CA266198F15}"
EndProject
Project("{2150E333-8FDC-42A3-9474-1A3956D46DE8}") = "BM.Domain", "BM.Domain", "{E1701B85-58E3-4D59-B851-FB5305760DA0}"
EndProject
Project("{9A19103F-16F7-4668-BE54-9A1E7A4F7556}") = "BlogManagement.Domain", "BlogManagement.Domain\BlogManagement.Domain.csproj", "{4B11529E-8AB2-4423-A218-5B8C39717375}"
EndProject
Project("{2150E333-8FDC-42A3-9474-1A3956D46DE8}") = "BM.Application", "BM.Application", "{42233DCA-0B42-4199-BD81-7D754BF64D1E}"
EndProject
Project("{9A19103F-16F7-4668-BE54-9A1E7A4F7556}") = "BlogManagement.Application.Contracts", "BlogManagement.Application.Contracts\BlogManagement.Application.Contracts.csproj", "{3201853B-6147-41DD-A902-AFA0E23FE9BC}"
EndProject
Project("{9A19103F-16F7-4668-BE54-9A1E7A4F7556}") = "BlogManagement.Application", "BlogManagement.Application\BlogManagement.Application.csproj", "{2DDC5E7C-C5B4-4445-8D32-18E6365BBD9D}"
EndProject
Project("{2150E333-8FDC-42A3-9474-1A3956D46DE8}") = "BM.Infrastructure", "BM.Infrastructure", "{4787C637-4AC6-47B7-830A-62D86434F819}"
EndProject
Project("{9A19103F-16F7-4668-BE54-9A1E7A4F7556}") = "BlogManagement.Infra.Configuration", "BlogManagement.Infra.Configuration\BlogManagement.Infra.Configuration.csproj", "{358C6941-D37E-4AC1-8C85-40B8BD685D22}"
EndProject
Project("{9A19103F-16F7-4668-BE54-9A1E7A4F7556}") = "BlogManagement.Infra.EfCore", "BlogManagement.Infra.EfCore\BlogManagement.Infra.EfCore.csproj", "{EC21FC3A-42C4-423E-A483-3768FC42E9BA}"
EndProject
Project("{2150E333-8FDC-42A3-9474-1A3956D46DE8}") = "CommentManagement", "CommentManagement", "{559DA8B9-442A-48C2-9375-8AE36F56CC0C}"
EndProject
Project("{2150E333-8FDC-42A3-9474-1A3956D46DE8}") = "CM.Domain", "CM.Domain", "{2554213A-138D-4B0A-826B-F7589CC21C36}"
EndProject
Project("{9A19103F-16F7-4668-BE54-9A1E7A4F7556}") = "CommentManagement.Domain", "CommentManagement.Domain\CommentManagement.Domain.csproj", "{056BD777-14F1-4617-9DDA-4046D93434D3}"
EndProject
Project("{2150E333-8FDC-42A3-9474-1A3956D46DE8}") = "CM.Application", "CM.Application", "{7FED71C2-0A66-47F0-A1B2-7A55F2D9B93E}"
EndProject
Project("{9A19103F-16F7-4668-BE54-9A1E7A4F7556}") = "CommentManagement.Application.Contracts", "CommentManagement.Application.Contracts\CommentManagement.Application.Contracts.csproj", "{58C59798-B4EF-4A08-8977-3D3AD65AD18A}"
EndProject
Project("{9A19103F-16F7-4668-BE54-9A1E7A4F7556}") = "CommentManagement.Application", "CommentManagement.Application\CommentManagement.Application.csproj", "{4E8CC401-DBC3-4D19-86E7-5CBF978A68A8}"
EndProject
Project("{2150E333-8FDC-42A3-9474-1A3956D46DE8}") = "CM.Infrastructure", "CM.Infrastructure", "{A62D38FC-8B77-4828-8FB0-E926A47E2BFB}"
EndProject
Project("{9A19103F-16F7-4668-BE54-9A1E7A4F7556}") = "CommentManagement.Infra.EfCore", "CommentManagement.Infra.EfCore\CommentManagement.Infra.EfCore.csproj", "{F5E0671E-8E74-402D-8FDA-34671D954D6E}"
EndProject
Project("{9A19103F-16F7-4668-BE54-9A1E7A4F7556}") = "CommentManagement.Infra.Configuration", "CommentManagement.Infra.Configuration\CommentManagement.Infra.Configuration.csproj", "{9C6A9A09-7CB2-431E-A434-86532577154F}"
EndProject
Project("{2150E333-8FDC-42A3-9474-1A3956D46DE8}") = "AccountManagement", "AccountManagement", "{A369881F-EA5A-4697-85B0-74B5CEF85D10}"
EndProject
Project("{2150E333-8FDC-42A3-9474-1A3956D46DE8}") = "AM.Domain", "AM.Domain", "{612FF372-B735-4A8F-A6AD-1C5AC42AC625}"
EndProject
Project("{9A19103F-16F7-4668-BE54-9A1E7A4F7556}") = "AccountManagement.Domain", "AccountManagement.Domain\AccountManagement.Domain.csproj", "{B3CA396A-C85B-4D10-A554-B8DD2787AE91}"
EndProject
Project("{2150E333-8FDC-42A3-9474-1A3956D46DE8}") = "AM.Application", "AM.Application", "{48B82717-800B-4433-BACA-842868B5E182}"
EndProject
Project("{9A19103F-16F7-4668-BE54-9A1E7A4F7556}") = "AccountManagement.Application.Contracts", "AccountManagement.Application.Contracts\AccountManagement.Application.Contracts.csproj", "{A2591574-E6D4-485F-9156-7D3A9721F271}"
EndProject
Project("{9A19103F-16F7-4668-BE54-9A1E7A4F7556}") = "AccountManagement.Application", "AccountManagement.Application\AccountManagement.Application.csproj", "{FC57E9CC-DE75-43E9-B03C-2FD5C32EBD5B}"
EndProject
Project("{2150E333-8FDC-42A3-9474-1A3956D46DE8}") = "AM.Infrastructure", "AM.Infrastructure", "{B3F20C3D-4007-401E-B62D-30B90F683ED0}"
EndProject
Project("{9A19103F-16F7-4668-BE54-9A1E7A4F7556}") = "AccountManagement.Infra.EfCore", "AccountManagement.Infra.EfCore\AccountManagement.Infra.EfCore.csproj", "{AA939C97-0749-4492-8A32-7EFC7AB992D5}"
EndProject
Project("{9A19103F-16F7-4668-BE54-9A1E7A4F7556}") = "AccountManagement.Infra.Configuration", "AccountManagement.Infra.Configuration\AccountManagement.Infra.Configuration.csproj", "{C9821283-8058-404E-AB44-582CC0062613}"
EndProject
Project("{9A19103F-16F7-4668-BE54-9A1E7A4F7556}") = "ShopManagement.Infra.InventoryAcl", "ShopManagement.Infra.InventoryAcl\ShopManagement.Infra.InventoryAcl.csproj", "{CC563A96-A8B9-4DF8-9CB8-DD94F885A9E8}"
EndProject
Project("{2150E333-8FDC-42A3-9474-1A3956D46DE8}") = "IM.Presentation", "IM.Presentation", "{9513A373-FE64-45A2-815F-D94A3162B2A1}"
EndProject
Project("{FAE04EC0-301F-11D3-BF4B-00C04F79EFBC}") = "InventoryManagement.Presentation.Api", "InventoryManagement.Presentation.Api\InventoryManagement.Presentation.Api.csproj", "{6DE01F29-ACE5-44D9-9743-21269CCB31DD}"
EndProject
Global
	GlobalSection(SolutionConfigurationPlatforms) = preSolution
		Debug|Any CPU = Debug|Any CPU
		Release|Any CPU = Release|Any CPU
	EndGlobalSection
	GlobalSection(ProjectConfigurationPlatforms) = postSolution
		{D0625C52-2028-4B8D-807D-C1BDE1B6C322}.Debug|Any CPU.ActiveCfg = Debug|Any CPU
		{D0625C52-2028-4B8D-807D-C1BDE1B6C322}.Debug|Any CPU.Build.0 = Debug|Any CPU
		{D0625C52-2028-4B8D-807D-C1BDE1B6C322}.Release|Any CPU.ActiveCfg = Release|Any CPU
		{D0625C52-2028-4B8D-807D-C1BDE1B6C322}.Release|Any CPU.Build.0 = Release|Any CPU
		{9A562E2C-7A01-425A-9DE2-BBB5679938A5}.Debug|Any CPU.ActiveCfg = Debug|Any CPU
		{9A562E2C-7A01-425A-9DE2-BBB5679938A5}.Debug|Any CPU.Build.0 = Debug|Any CPU
		{9A562E2C-7A01-425A-9DE2-BBB5679938A5}.Release|Any CPU.ActiveCfg = Release|Any CPU
		{9A562E2C-7A01-425A-9DE2-BBB5679938A5}.Release|Any CPU.Build.0 = Release|Any CPU
		{3A5C257A-1D2A-4DF1-BB11-F41DD7B026D3}.Debug|Any CPU.ActiveCfg = Debug|Any CPU
		{3A5C257A-1D2A-4DF1-BB11-F41DD7B026D3}.Debug|Any CPU.Build.0 = Debug|Any CPU
		{3A5C257A-1D2A-4DF1-BB11-F41DD7B026D3}.Release|Any CPU.ActiveCfg = Release|Any CPU
		{3A5C257A-1D2A-4DF1-BB11-F41DD7B026D3}.Release|Any CPU.Build.0 = Release|Any CPU
		{E547BB4E-7FC0-40EC-9B46-56448A8E6A5C}.Debug|Any CPU.ActiveCfg = Debug|Any CPU
		{E547BB4E-7FC0-40EC-9B46-56448A8E6A5C}.Debug|Any CPU.Build.0 = Debug|Any CPU
		{E547BB4E-7FC0-40EC-9B46-56448A8E6A5C}.Release|Any CPU.ActiveCfg = Release|Any CPU
		{E547BB4E-7FC0-40EC-9B46-56448A8E6A5C}.Release|Any CPU.Build.0 = Release|Any CPU
		{0ADC813C-75FF-4881-A0E3-AE35BB6667E4}.Debug|Any CPU.ActiveCfg = Debug|Any CPU
		{0ADC813C-75FF-4881-A0E3-AE35BB6667E4}.Debug|Any CPU.Build.0 = Debug|Any CPU
		{0ADC813C-75FF-4881-A0E3-AE35BB6667E4}.Release|Any CPU.ActiveCfg = Release|Any CPU
		{0ADC813C-75FF-4881-A0E3-AE35BB6667E4}.Release|Any CPU.Build.0 = Release|Any CPU
		{553BE33B-8692-495E-BA9F-31C21E06C99C}.Debug|Any CPU.ActiveCfg = Debug|Any CPU
		{553BE33B-8692-495E-BA9F-31C21E06C99C}.Debug|Any CPU.Build.0 = Debug|Any CPU
		{553BE33B-8692-495E-BA9F-31C21E06C99C}.Release|Any CPU.ActiveCfg = Release|Any CPU
		{553BE33B-8692-495E-BA9F-31C21E06C99C}.Release|Any CPU.Build.0 = Release|Any CPU
		{ABB6B660-080E-4D12-8E73-07608F024509}.Debug|Any CPU.ActiveCfg = Debug|Any CPU
		{ABB6B660-080E-4D12-8E73-07608F024509}.Debug|Any CPU.Build.0 = Debug|Any CPU
		{ABB6B660-080E-4D12-8E73-07608F024509}.Release|Any CPU.ActiveCfg = Release|Any CPU
		{ABB6B660-080E-4D12-8E73-07608F024509}.Release|Any CPU.Build.0 = Release|Any CPU
		{53BF13DB-CC58-4EB2-9F64-9BAEB0D3E05B}.Debug|Any CPU.ActiveCfg = Debug|Any CPU
		{53BF13DB-CC58-4EB2-9F64-9BAEB0D3E05B}.Debug|Any CPU.Build.0 = Debug|Any CPU
		{53BF13DB-CC58-4EB2-9F64-9BAEB0D3E05B}.Release|Any CPU.ActiveCfg = Release|Any CPU
		{53BF13DB-CC58-4EB2-9F64-9BAEB0D3E05B}.Release|Any CPU.Build.0 = Release|Any CPU
		{E5AE9E31-4135-4702-874E-1615B016C103}.Debug|Any CPU.ActiveCfg = Debug|Any CPU
		{E5AE9E31-4135-4702-874E-1615B016C103}.Debug|Any CPU.Build.0 = Debug|Any CPU
		{E5AE9E31-4135-4702-874E-1615B016C103}.Release|Any CPU.ActiveCfg = Release|Any CPU
		{E5AE9E31-4135-4702-874E-1615B016C103}.Release|Any CPU.Build.0 = Release|Any CPU
		{273F4DF2-A7CC-4CE6-BA3B-5FFCC9DB266E}.Debug|Any CPU.ActiveCfg = Debug|Any CPU
		{273F4DF2-A7CC-4CE6-BA3B-5FFCC9DB266E}.Debug|Any CPU.Build.0 = Debug|Any CPU
		{273F4DF2-A7CC-4CE6-BA3B-5FFCC9DB266E}.Release|Any CPU.ActiveCfg = Release|Any CPU
		{273F4DF2-A7CC-4CE6-BA3B-5FFCC9DB266E}.Release|Any CPU.Build.0 = Release|Any CPU
		{1AFDB163-05B6-44FE-80A4-782FFC084ABB}.Debug|Any CPU.ActiveCfg = Debug|Any CPU
		{1AFDB163-05B6-44FE-80A4-782FFC084ABB}.Debug|Any CPU.Build.0 = Debug|Any CPU
		{1AFDB163-05B6-44FE-80A4-782FFC084ABB}.Release|Any CPU.ActiveCfg = Release|Any CPU
		{1AFDB163-05B6-44FE-80A4-782FFC084ABB}.Release|Any CPU.Build.0 = Release|Any CPU
		{675051B7-C1F1-4011-BCFD-EBB702D576DB}.Debug|Any CPU.ActiveCfg = Debug|Any CPU
		{675051B7-C1F1-4011-BCFD-EBB702D576DB}.Debug|Any CPU.Build.0 = Debug|Any CPU
		{675051B7-C1F1-4011-BCFD-EBB702D576DB}.Release|Any CPU.ActiveCfg = Release|Any CPU
		{675051B7-C1F1-4011-BCFD-EBB702D576DB}.Release|Any CPU.Build.0 = Release|Any CPU
		{71C073EA-248B-49E1-BA61-FCD8C999290D}.Debug|Any CPU.ActiveCfg = Debug|Any CPU
		{71C073EA-248B-49E1-BA61-FCD8C999290D}.Debug|Any CPU.Build.0 = Debug|Any CPU
		{71C073EA-248B-49E1-BA61-FCD8C999290D}.Release|Any CPU.ActiveCfg = Release|Any CPU
		{71C073EA-248B-49E1-BA61-FCD8C999290D}.Release|Any CPU.Build.0 = Release|Any CPU
		{4C9D5EFF-C5DE-4C72-B2D0-3442ABF20A8B}.Debug|Any CPU.ActiveCfg = Debug|Any CPU
		{4C9D5EFF-C5DE-4C72-B2D0-3442ABF20A8B}.Debug|Any CPU.Build.0 = Debug|Any CPU
		{4C9D5EFF-C5DE-4C72-B2D0-3442ABF20A8B}.Release|Any CPU.ActiveCfg = Release|Any CPU
		{4C9D5EFF-C5DE-4C72-B2D0-3442ABF20A8B}.Release|Any CPU.Build.0 = Release|Any CPU
		{BA78C99B-14BA-4B99-A30D-03F463FE8CDF}.Debug|Any CPU.ActiveCfg = Debug|Any CPU
		{BA78C99B-14BA-4B99-A30D-03F463FE8CDF}.Debug|Any CPU.Build.0 = Debug|Any CPU
		{BA78C99B-14BA-4B99-A30D-03F463FE8CDF}.Release|Any CPU.ActiveCfg = Release|Any CPU
		{BA78C99B-14BA-4B99-A30D-03F463FE8CDF}.Release|Any CPU.Build.0 = Release|Any CPU
		{E71815E9-88DE-4A4A-8439-62C862AC6D22}.Debug|Any CPU.ActiveCfg = Debug|Any CPU
		{E71815E9-88DE-4A4A-8439-62C862AC6D22}.Debug|Any CPU.Build.0 = Debug|Any CPU
		{E71815E9-88DE-4A4A-8439-62C862AC6D22}.Release|Any CPU.ActiveCfg = Release|Any CPU
		{E71815E9-88DE-4A4A-8439-62C862AC6D22}.Release|Any CPU.Build.0 = Release|Any CPU
		{C0247E8B-CF68-4C27-97D0-E4C27596AD0D}.Debug|Any CPU.ActiveCfg = Debug|Any CPU
		{C0247E8B-CF68-4C27-97D0-E4C27596AD0D}.Debug|Any CPU.Build.0 = Debug|Any CPU
		{C0247E8B-CF68-4C27-97D0-E4C27596AD0D}.Release|Any CPU.ActiveCfg = Release|Any CPU
		{C0247E8B-CF68-4C27-97D0-E4C27596AD0D}.Release|Any CPU.Build.0 = Release|Any CPU
		{A7D24294-0283-4892-AE22-ACDBBE2B3F60}.Debug|Any CPU.ActiveCfg = Debug|Any CPU
		{A7D24294-0283-4892-AE22-ACDBBE2B3F60}.Debug|Any CPU.Build.0 = Debug|Any CPU
		{A7D24294-0283-4892-AE22-ACDBBE2B3F60}.Release|Any CPU.ActiveCfg = Release|Any CPU
		{A7D24294-0283-4892-AE22-ACDBBE2B3F60}.Release|Any CPU.Build.0 = Release|Any CPU
		{4B11529E-8AB2-4423-A218-5B8C39717375}.Debug|Any CPU.ActiveCfg = Debug|Any CPU
		{4B11529E-8AB2-4423-A218-5B8C39717375}.Debug|Any CPU.Build.0 = Debug|Any CPU
		{4B11529E-8AB2-4423-A218-5B8C39717375}.Release|Any CPU.ActiveCfg = Release|Any CPU
		{4B11529E-8AB2-4423-A218-5B8C39717375}.Release|Any CPU.Build.0 = Release|Any CPU
		{3201853B-6147-41DD-A902-AFA0E23FE9BC}.Debug|Any CPU.ActiveCfg = Debug|Any CPU
		{3201853B-6147-41DD-A902-AFA0E23FE9BC}.Debug|Any CPU.Build.0 = Debug|Any CPU
		{3201853B-6147-41DD-A902-AFA0E23FE9BC}.Release|Any CPU.ActiveCfg = Release|Any CPU
		{3201853B-6147-41DD-A902-AFA0E23FE9BC}.Release|Any CPU.Build.0 = Release|Any CPU
		{2DDC5E7C-C5B4-4445-8D32-18E6365BBD9D}.Debug|Any CPU.ActiveCfg = Debug|Any CPU
		{2DDC5E7C-C5B4-4445-8D32-18E6365BBD9D}.Debug|Any CPU.Build.0 = Debug|Any CPU
		{2DDC5E7C-C5B4-4445-8D32-18E6365BBD9D}.Release|Any CPU.ActiveCfg = Release|Any CPU
		{2DDC5E7C-C5B4-4445-8D32-18E6365BBD9D}.Release|Any CPU.Build.0 = Release|Any CPU
		{358C6941-D37E-4AC1-8C85-40B8BD685D22}.Debug|Any CPU.ActiveCfg = Debug|Any CPU
		{358C6941-D37E-4AC1-8C85-40B8BD685D22}.Debug|Any CPU.Build.0 = Debug|Any CPU
		{358C6941-D37E-4AC1-8C85-40B8BD685D22}.Release|Any CPU.ActiveCfg = Release|Any CPU
		{358C6941-D37E-4AC1-8C85-40B8BD685D22}.Release|Any CPU.Build.0 = Release|Any CPU
		{EC21FC3A-42C4-423E-A483-3768FC42E9BA}.Debug|Any CPU.ActiveCfg = Debug|Any CPU
		{EC21FC3A-42C4-423E-A483-3768FC42E9BA}.Debug|Any CPU.Build.0 = Debug|Any CPU
		{EC21FC3A-42C4-423E-A483-3768FC42E9BA}.Release|Any CPU.ActiveCfg = Release|Any CPU
		{EC21FC3A-42C4-423E-A483-3768FC42E9BA}.Release|Any CPU.Build.0 = Release|Any CPU
		{056BD777-14F1-4617-9DDA-4046D93434D3}.Debug|Any CPU.ActiveCfg = Debug|Any CPU
		{056BD777-14F1-4617-9DDA-4046D93434D3}.Debug|Any CPU.Build.0 = Debug|Any CPU
		{056BD777-14F1-4617-9DDA-4046D93434D3}.Release|Any CPU.ActiveCfg = Release|Any CPU
		{056BD777-14F1-4617-9DDA-4046D93434D3}.Release|Any CPU.Build.0 = Release|Any CPU
		{58C59798-B4EF-4A08-8977-3D3AD65AD18A}.Debug|Any CPU.ActiveCfg = Debug|Any CPU
		{58C59798-B4EF-4A08-8977-3D3AD65AD18A}.Debug|Any CPU.Build.0 = Debug|Any CPU
		{58C59798-B4EF-4A08-8977-3D3AD65AD18A}.Release|Any CPU.ActiveCfg = Release|Any CPU
		{58C59798-B4EF-4A08-8977-3D3AD65AD18A}.Release|Any CPU.Build.0 = Release|Any CPU
		{4E8CC401-DBC3-4D19-86E7-5CBF978A68A8}.Debug|Any CPU.ActiveCfg = Debug|Any CPU
		{4E8CC401-DBC3-4D19-86E7-5CBF978A68A8}.Debug|Any CPU.Build.0 = Debug|Any CPU
		{4E8CC401-DBC3-4D19-86E7-5CBF978A68A8}.Release|Any CPU.ActiveCfg = Release|Any CPU
		{4E8CC401-DBC3-4D19-86E7-5CBF978A68A8}.Release|Any CPU.Build.0 = Release|Any CPU
		{F5E0671E-8E74-402D-8FDA-34671D954D6E}.Debug|Any CPU.ActiveCfg = Debug|Any CPU
		{F5E0671E-8E74-402D-8FDA-34671D954D6E}.Debug|Any CPU.Build.0 = Debug|Any CPU
		{F5E0671E-8E74-402D-8FDA-34671D954D6E}.Release|Any CPU.ActiveCfg = Release|Any CPU
		{F5E0671E-8E74-402D-8FDA-34671D954D6E}.Release|Any CPU.Build.0 = Release|Any CPU
		{9C6A9A09-7CB2-431E-A434-86532577154F}.Debug|Any CPU.ActiveCfg = Debug|Any CPU
		{9C6A9A09-7CB2-431E-A434-86532577154F}.Debug|Any CPU.Build.0 = Debug|Any CPU
		{9C6A9A09-7CB2-431E-A434-86532577154F}.Release|Any CPU.ActiveCfg = Release|Any CPU
		{9C6A9A09-7CB2-431E-A434-86532577154F}.Release|Any CPU.Build.0 = Release|Any CPU
		{B3CA396A-C85B-4D10-A554-B8DD2787AE91}.Debug|Any CPU.ActiveCfg = Debug|Any CPU
		{B3CA396A-C85B-4D10-A554-B8DD2787AE91}.Debug|Any CPU.Build.0 = Debug|Any CPU
		{B3CA396A-C85B-4D10-A554-B8DD2787AE91}.Release|Any CPU.ActiveCfg = Release|Any CPU
		{B3CA396A-C85B-4D10-A554-B8DD2787AE91}.Release|Any CPU.Build.0 = Release|Any CPU
		{A2591574-E6D4-485F-9156-7D3A9721F271}.Debug|Any CPU.ActiveCfg = Debug|Any CPU
		{A2591574-E6D4-485F-9156-7D3A9721F271}.Debug|Any CPU.Build.0 = Debug|Any CPU
		{A2591574-E6D4-485F-9156-7D3A9721F271}.Release|Any CPU.ActiveCfg = Release|Any CPU
		{A2591574-E6D4-485F-9156-7D3A9721F271}.Release|Any CPU.Build.0 = Release|Any CPU
		{FC57E9CC-DE75-43E9-B03C-2FD5C32EBD5B}.Debug|Any CPU.ActiveCfg = Debug|Any CPU
		{FC57E9CC-DE75-43E9-B03C-2FD5C32EBD5B}.Debug|Any CPU.Build.0 = Debug|Any CPU
		{FC57E9CC-DE75-43E9-B03C-2FD5C32EBD5B}.Release|Any CPU.ActiveCfg = Release|Any CPU
		{FC57E9CC-DE75-43E9-B03C-2FD5C32EBD5B}.Release|Any CPU.Build.0 = Release|Any CPU
		{AA939C97-0749-4492-8A32-7EFC7AB992D5}.Debug|Any CPU.ActiveCfg = Debug|Any CPU
		{AA939C97-0749-4492-8A32-7EFC7AB992D5}.Debug|Any CPU.Build.0 = Debug|Any CPU
		{AA939C97-0749-4492-8A32-7EFC7AB992D5}.Release|Any CPU.ActiveCfg = Release|Any CPU
		{AA939C97-0749-4492-8A32-7EFC7AB992D5}.Release|Any CPU.Build.0 = Release|Any CPU
		{C9821283-8058-404E-AB44-582CC0062613}.Debug|Any CPU.ActiveCfg = Debug|Any CPU
		{C9821283-8058-404E-AB44-582CC0062613}.Debug|Any CPU.Build.0 = Debug|Any CPU
		{C9821283-8058-404E-AB44-582CC0062613}.Release|Any CPU.ActiveCfg = Release|Any CPU
		{C9821283-8058-404E-AB44-582CC0062613}.Release|Any CPU.Build.0 = Release|Any CPU
		{CC563A96-A8B9-4DF8-9CB8-DD94F885A9E8}.Debug|Any CPU.ActiveCfg = Debug|Any CPU
		{CC563A96-A8B9-4DF8-9CB8-DD94F885A9E8}.Debug|Any CPU.Build.0 = Debug|Any CPU
		{CC563A96-A8B9-4DF8-9CB8-DD94F885A9E8}.Release|Any CPU.ActiveCfg = Release|Any CPU
		{CC563A96-A8B9-4DF8-9CB8-DD94F885A9E8}.Release|Any CPU.Build.0 = Release|Any CPU
		{6DE01F29-ACE5-44D9-9743-21269CCB31DD}.Debug|Any CPU.ActiveCfg = Debug|Any CPU
		{6DE01F29-ACE5-44D9-9743-21269CCB31DD}.Debug|Any CPU.Build.0 = Debug|Any CPU
		{6DE01F29-ACE5-44D9-9743-21269CCB31DD}.Release|Any CPU.ActiveCfg = Release|Any CPU
		{6DE01F29-ACE5-44D9-9743-21269CCB31DD}.Release|Any CPU.Build.0 = Release|Any CPU
	EndGlobalSection
	GlobalSection(SolutionProperties) = preSolution
		HideSolutionNode = FALSE
	EndGlobalSection
	GlobalSection(NestedProjects) = preSolution
		{C6E9A391-4D6B-4951-B4CC-3416271650AE} = {9793BB1F-25AB-4F85-9D60-B450603E721D}
		{D0625C52-2028-4B8D-807D-C1BDE1B6C322} = {C6E9A391-4D6B-4951-B4CC-3416271650AE}
		{4C87D0C3-B007-455C-B4C1-3029798CA412} = {9793BB1F-25AB-4F85-9D60-B450603E721D}
		{3A5C257A-1D2A-4DF1-BB11-F41DD7B026D3} = {4C87D0C3-B007-455C-B4C1-3029798CA412}
		{E547BB4E-7FC0-40EC-9B46-56448A8E6A5C} = {4C87D0C3-B007-455C-B4C1-3029798CA412}
		{7063D3AD-3DEE-49C1-A6C1-E8CC63C1F7AE} = {9793BB1F-25AB-4F85-9D60-B450603E721D}
		{0ADC813C-75FF-4881-A0E3-AE35BB6667E4} = {7063D3AD-3DEE-49C1-A6C1-E8CC63C1F7AE}
		{553BE33B-8692-495E-BA9F-31C21E06C99C} = {7063D3AD-3DEE-49C1-A6C1-E8CC63C1F7AE}
		{8BB431E5-D3B5-4F8D-882B-7C2EDEC7DF0D} = {3EC467E1-755D-4403-9513-0C6DCE6CC468}
		{E5AE9E31-4135-4702-874E-1615B016C103} = {8BB431E5-D3B5-4F8D-882B-7C2EDEC7DF0D}
		{A07A4D5B-8F51-49BF-B30D-7B85D2569B02} = {3EC467E1-755D-4403-9513-0C6DCE6CC468}
		{273F4DF2-A7CC-4CE6-BA3B-5FFCC9DB266E} = {A07A4D5B-8F51-49BF-B30D-7B85D2569B02}
		{1AFDB163-05B6-44FE-80A4-782FFC084ABB} = {A07A4D5B-8F51-49BF-B30D-7B85D2569B02}
		{8EF1FE18-22FC-4719-B9EC-A321E44B6F77} = {3EC467E1-755D-4403-9513-0C6DCE6CC468}
		{675051B7-C1F1-4011-BCFD-EBB702D576DB} = {8EF1FE18-22FC-4719-B9EC-A321E44B6F77}
		{71C073EA-248B-49E1-BA61-FCD8C999290D} = {8EF1FE18-22FC-4719-B9EC-A321E44B6F77}
		{2D0A5D8A-B38A-44FE-8761-D381B3F447AE} = {C688F5A7-DBB4-401D-9C7F-5E9733A270E0}
		{4C9D5EFF-C5DE-4C72-B2D0-3442ABF20A8B} = {2D0A5D8A-B38A-44FE-8761-D381B3F447AE}
		{13404B35-5188-4309-8A37-DB78915D0107} = {C688F5A7-DBB4-401D-9C7F-5E9733A270E0}
		{BA78C99B-14BA-4B99-A30D-03F463FE8CDF} = {13404B35-5188-4309-8A37-DB78915D0107}
		{5568F4DE-A5E8-45E5-A7CE-1DE738737A1D} = {C688F5A7-DBB4-401D-9C7F-5E9733A270E0}
		{E71815E9-88DE-4A4A-8439-62C862AC6D22} = {5568F4DE-A5E8-45E5-A7CE-1DE738737A1D}
		{C0247E8B-CF68-4C27-97D0-E4C27596AD0D} = {5568F4DE-A5E8-45E5-A7CE-1DE738737A1D}
		{A7D24294-0283-4892-AE22-ACDBBE2B3F60} = {13404B35-5188-4309-8A37-DB78915D0107}
		{E1701B85-58E3-4D59-B851-FB5305760DA0} = {5C8D4CCA-2307-4CDA-8A82-3CA266198F15}
		{4B11529E-8AB2-4423-A218-5B8C39717375} = {E1701B85-58E3-4D59-B851-FB5305760DA0}
		{42233DCA-0B42-4199-BD81-7D754BF64D1E} = {5C8D4CCA-2307-4CDA-8A82-3CA266198F15}
		{3201853B-6147-41DD-A902-AFA0E23FE9BC} = {42233DCA-0B42-4199-BD81-7D754BF64D1E}
		{2DDC5E7C-C5B4-4445-8D32-18E6365BBD9D} = {42233DCA-0B42-4199-BD81-7D754BF64D1E}
		{4787C637-4AC6-47B7-830A-62D86434F819} = {5C8D4CCA-2307-4CDA-8A82-3CA266198F15}
		{358C6941-D37E-4AC1-8C85-40B8BD685D22} = {4787C637-4AC6-47B7-830A-62D86434F819}
		{EC21FC3A-42C4-423E-A483-3768FC42E9BA} = {4787C637-4AC6-47B7-830A-62D86434F819}
		{2554213A-138D-4B0A-826B-F7589CC21C36} = {559DA8B9-442A-48C2-9375-8AE36F56CC0C}
		{056BD777-14F1-4617-9DDA-4046D93434D3} = {2554213A-138D-4B0A-826B-F7589CC21C36}
		{7FED71C2-0A66-47F0-A1B2-7A55F2D9B93E} = {559DA8B9-442A-48C2-9375-8AE36F56CC0C}
		{58C59798-B4EF-4A08-8977-3D3AD65AD18A} = {7FED71C2-0A66-47F0-A1B2-7A55F2D9B93E}
		{4E8CC401-DBC3-4D19-86E7-5CBF978A68A8} = {7FED71C2-0A66-47F0-A1B2-7A55F2D9B93E}
		{A62D38FC-8B77-4828-8FB0-E926A47E2BFB} = {559DA8B9-442A-48C2-9375-8AE36F56CC0C}
		{F5E0671E-8E74-402D-8FDA-34671D954D6E} = {A62D38FC-8B77-4828-8FB0-E926A47E2BFB}
		{9C6A9A09-7CB2-431E-A434-86532577154F} = {A62D38FC-8B77-4828-8FB0-E926A47E2BFB}
		{612FF372-B735-4A8F-A6AD-1C5AC42AC625} = {A369881F-EA5A-4697-85B0-74B5CEF85D10}
		{B3CA396A-C85B-4D10-A554-B8DD2787AE91} = {612FF372-B735-4A8F-A6AD-1C5AC42AC625}
		{48B82717-800B-4433-BACA-842868B5E182} = {A369881F-EA5A-4697-85B0-74B5CEF85D10}
		{A2591574-E6D4-485F-9156-7D3A9721F271} = {48B82717-800B-4433-BACA-842868B5E182}
		{FC57E9CC-DE75-43E9-B03C-2FD5C32EBD5B} = {48B82717-800B-4433-BACA-842868B5E182}
		{B3F20C3D-4007-401E-B62D-30B90F683ED0} = {A369881F-EA5A-4697-85B0-74B5CEF85D10}
		{AA939C97-0749-4492-8A32-7EFC7AB992D5} = {B3F20C3D-4007-401E-B62D-30B90F683ED0}
		{C9821283-8058-404E-AB44-582CC0062613} = {B3F20C3D-4007-401E-B62D-30B90F683ED0}
		{CC563A96-A8B9-4DF8-9CB8-DD94F885A9E8} = {7063D3AD-3DEE-49C1-A6C1-E8CC63C1F7AE}
		{9513A373-FE64-45A2-815F-D94A3162B2A1} = {C688F5A7-DBB4-401D-9C7F-5E9733A270E0}
		{6DE01F29-ACE5-44D9-9743-21269CCB31DD} = {9513A373-FE64-45A2-815F-D94A3162B2A1}
	EndGlobalSection
	GlobalSection(ExtensibilityGlobals) = postSolution
		SolutionGuid = {58820ADB-FBB5-4107-A7D9-20E491BBC35D}
	EndGlobalSection
EndGlobal
